<?xml version="1.0" encoding="UTF-8" standalone="yes" ?>
<CodeBlocks_project_file>
	<FileVersion major="1" minor="6" />
	<Project>
		<Option title="fp" />
		<Option pch_mode="2" />
		<Option compiler="gcc" />
		<Build>
			<Target title="Debug">
				<Option output="bin/Debug/fp" prefix_auto="1" extension_auto="1" />
				<Option object_output="obj/Debug/" />
				<Option type="1" />
				<Option compiler="gcc" />
				<Compiler>
					<Add option="-g" />
				</Compiler>
			</Target>
			<Target title="Release">
				<Option output="bin/Release/fp" prefix_auto="1" extension_auto="1" />
				<Option object_output="obj/Release/" />
				<Option type="1" />
				<Option compiler="gcc" />
				<Compiler>
					<Add option="-O2" />
				</Compiler>
				<Linker>
					<Add option="-s" />
				</Linker>
			</Target>
		</Build>
		<Compiler>
			<Add option="-Wall" />
		</Compiler>
		<Unit filename="../../../Grafika Komputer/FP/solarsystemsourcecode/solarsystemsourcecode/LICENSE.TXT" />
		<Unit filename="../../../Grafika Komputer/FP/solarsystemsourcecode/solarsystemsourcecode/camera.cpp" />
		<Unit filename="../../../Grafika Komputer/FP/solarsystemsourcecode/solarsystemsourcecode/camera.h" />
		<Unit filename="../../../Grafika Komputer/FP/solarsystemsourcecode/solarsystemsourcecode/globals.h" />
		<Unit filename="../../../Grafika Komputer/FP/solarsystemsourcecode/solarsystemsourcecode/main.cpp" />
		<Unit filename="../../../Grafika Komputer/FP/solarsystemsourcecode/solarsystemsourcecode/moon.cpp" />
		<Unit filename="../../../Grafika Komputer/FP/solarsystemsourcecode/solarsystemsourcecode/moon.h" />
		<Unit filename="../../../Grafika Komputer/FP/solarsystemsourcecode/solarsystemsourcecode/planet.cpp" />
		<Unit filename="../../../Grafika Komputer/FP/solarsystemsourcecode/solarsystemsourcecode/planet.h" />
		<Unit filename="../../../Grafika Komputer/FP/solarsystemsourcecode/solarsystemsourcecode/solarsystem.cpp" />
		<Unit filename="../../../Grafika Komputer/FP/solarsystemsourcecode/solarsystemsourcecode/solarsystem.h" />
		<Unit filename="../../../Grafika Komputer/FP/solarsystemsourcecode/solarsystemsourcecode/tga.cpp" />
		<Unit filename="../../../Grafika Komputer/FP/solarsystemsourcecode/solarsystemsourcecode/tga.h" />
		<Extensions>
			<code_completion />
			<envvars />
			<debugger />
			<lib_finder disable_auto="1" />
		</Extensions>
	</Project>
</CodeBlocks_project_file>
